// !$*UTF8*$!
{
	archiveVersion = 1;
	classes = {
	};
	objectVersion = 46;
	objects = {

/* Begin PBXBuildFile section */
		8E1616751CA1ABFE00E781B2 /* Activity.swift in Sources */ = {isa = PBXBuildFile; fileRef = 8E1616741CA1ABFE00E781B2 /* Activity.swift */; };
		8E1616771CA1AC6700E781B2 /* ActivityCell.swift in Sources */ = {isa = PBXBuildFile; fileRef = 8E1616761CA1AC6700E781B2 /* ActivityCell.swift */; };
		8E3800331CABBAED006CBE03 /* Comment.swift in Sources */ = {isa = PBXBuildFile; fileRef = 8E3800321CABBAED006CBE03 /* Comment.swift */; };
		8E48FD841CB79C0A00BDEDAE /* NotificationGroup.swift in Sources */ = {isa = PBXBuildFile; fileRef = 8E48FD831CB79C0A00BDEDAE /* NotificationGroup.swift */; };
		8E48FD861CB7B2DD00BDEDAE /* UIViewController+Extension.swift in Sources */ = {isa = PBXBuildFile; fileRef = 8E48FD851CB7B2DD00BDEDAE /* UIViewController+Extension.swift */; };
		8E4D1DB41CACD1360056699F /* UIScrollView+Refreshable.swift in Sources */ = {isa = PBXBuildFile; fileRef = 8E4D1DB31CACD1360056699F /* UIScrollView+Refreshable.swift */; };
		8E62A4231CAE2119007867BD /* LaunchView.swift in Sources */ = {isa = PBXBuildFile; fileRef = 8E62A4221CAE2119007867BD /* LaunchView.swift */; };
		8E62A4251CAE21A9007867BD /* LaunchView.xib in Resources */ = {isa = PBXBuildFile; fileRef = 8E62A4241CAE21A9007867BD /* LaunchView.xib */; };
		8E8E150E1CBC933100AB9515 /* UserTicketsViewController.swift in Sources */ = {isa = PBXBuildFile; fileRef = 8E8E150D1CBC933100AB9515 /* UserTicketsViewController.swift */; };
		8E8E15101CBC941300AB9515 /* Ticket.swift in Sources */ = {isa = PBXBuildFile; fileRef = 8E8E150F1CBC941300AB9515 /* Ticket.swift */; };
		8E8E15121CBC96B300AB9515 /* UserTicketCell.swift in Sources */ = {isa = PBXBuildFile; fileRef = 8E8E15111CBC96B300AB9515 /* UserTicketCell.swift */; };
		8E8E15141CBCB03900AB9515 /* TicketDetailController.swift in Sources */ = {isa = PBXBuildFile; fileRef = 8E8E15131CBCB03900AB9515 /* TicketDetailController.swift */; };
		8E8E15161CBCCD8E00AB9515 /* SettingsViewController.swift in Sources */ = {isa = PBXBuildFile; fileRef = 8E8E15151CBCCD8E00AB9515 /* SettingsViewController.swift */; };
		8E8E15181CBCD0F000AB9515 /* SettingCell.swift in Sources */ = {isa = PBXBuildFile; fileRef = 8E8E15171CBCD0F000AB9515 /* SettingCell.swift */; };
		8E8E151A1CBCDC2200AB9515 /* AboutsViewController.swift in Sources */ = {isa = PBXBuildFile; fileRef = 8E8E15191CBCDC2200AB9515 /* AboutsViewController.swift */; };
		8E92EDA91CA9071D0075D95F /* Config.swift in Sources */ = {isa = PBXBuildFile; fileRef = 8E92EDA81CA9071D0075D95F /* Config.swift */; };
		8E92EDAC1CA909800075D95F /* NotificationCell.swift in Sources */ = {isa = PBXBuildFile; fileRef = 8E92EDAB1CA909800075D95F /* NotificationCell.swift */; };
		8E92EDAE1CA92C170075D95F /* NotificationsViewController.swift in Sources */ = {isa = PBXBuildFile; fileRef = 8E92EDAD1CA92C170075D95F /* NotificationsViewController.swift */; };
		8E92EDB11CAA28A50075D95F /* Protocols.swift in Sources */ = {isa = PBXBuildFile; fileRef = 8E92EDB01CAA28A50075D95F /* Protocols.swift */; };
		8E92EDB31CAA440C0075D95F /* SystemNotificationCell.swift in Sources */ = {isa = PBXBuildFile; fileRef = 8E92EDB21CAA440C0075D95F /* SystemNotificationCell.swift */; };
		8E9601AA1CAA676800B2A126 /* Notification.swift in Sources */ = {isa = PBXBuildFile; fileRef = 8E9601A91CAA676800B2A126 /* Notification.swift */; };
		8E9601AC1CAA6EF300B2A126 /* ActivityNotificationCell.swift in Sources */ = {isa = PBXBuildFile; fileRef = 8E9601AB1CAA6EF300B2A126 /* ActivityNotificationCell.swift */; };
		8E9601AE1CAA723100B2A126 /* NotificationBaseCell.swift in Sources */ = {isa = PBXBuildFile; fileRef = 8E9601AD1CAA723100B2A126 /* NotificationBaseCell.swift */; };
		8E9601B01CAB876A00B2A126 /* GImage.swift in Sources */ = {isa = PBXBuildFile; fileRef = 8E9601AF1CAB876A00B2A126 /* GImage.swift */; };
		8E9601B31CAB878300B2A126 /* User.swift in Sources */ = {isa = PBXBuildFile; fileRef = 8E9601B21CAB878300B2A126 /* User.swift */; };
		8EA58C821CBB552E0069F2BD /* NavigationBar+Extension.swift in Sources */ = {isa = PBXBuildFile; fileRef = 8EA58C811CBB552E0069F2BD /* NavigationBar+Extension.swift */; };
		8EA58C841CBB563D0069F2BD /* TabBar+Extension.swift in Sources */ = {isa = PBXBuildFile; fileRef = 8EA58C831CBB563D0069F2BD /* TabBar+Extension.swift */; };
		8EA58C891CBB7B6D0069F2BD /* Setting.swift in Sources */ = {isa = PBXBuildFile; fileRef = 8EA58C881CBB7B6D0069F2BD /* Setting.swift */; };
		8EA58C8B1CBB7E5E0069F2BD /* UserCell.swift in Sources */ = {isa = PBXBuildFile; fileRef = 8EA58C8A1CBB7E5E0069F2BD /* UserCell.swift */; };
		8EA58C8D1CBB91580069F2BD /* NSObject+Extension.swift in Sources */ = {isa = PBXBuildFile; fileRef = 8EA58C8C1CBB91580069F2BD /* NSObject+Extension.swift */; };
		8EA58C911CBBAA300069F2BD /* ActivityContainnerViewController.swift in Sources */ = {isa = PBXBuildFile; fileRef = 8EA58C901CBBAA300069F2BD /* ActivityContainnerViewController.swift */; };
		F373234348C93092C2815404 /* Pods_GeekPark.framework in Frameworks */ = {isa = PBXBuildFile; fileRef = 58DC000D3B788B4521751996 /* Pods_GeekPark.framework */; };
		F72092AE1CA514300096962F /* ActivityJoinedAudienceViewCell.swift in Sources */ = {isa = PBXBuildFile; fileRef = F72092AD1CA514300096962F /* ActivityJoinedAudienceViewCell.swift */; };
		F72092B01CA51E7D0096962F /* AudienceAvatorCollectionViewCell.swift in Sources */ = {isa = PBXBuildFile; fileRef = F72092AF1CA51E7D0096962F /* AudienceAvatorCollectionViewCell.swift */; };
		F72092B31CA5242D0096962F /* Extensions.swift in Sources */ = {isa = PBXBuildFile; fileRef = F72092B21CA5242D0096962F /* Extensions.swift */; };
		F72092B81CA532FA0096962F /* FullScreenViewController.swift in Sources */ = {isa = PBXBuildFile; fileRef = F72092B71CA532FA0096962F /* FullScreenViewController.swift */; };
		F72092BA1CA534210096962F /* DetailViewController.swift in Sources */ = {isa = PBXBuildFile; fileRef = F72092B91CA534210096962F /* DetailViewController.swift */; };
		F72092BE1CA636410096962F /* ActivityCommentsViewCell.swift in Sources */ = {isa = PBXBuildFile; fileRef = F72092BD1CA636410096962F /* ActivityCommentsViewCell.swift */; };
		F72092C41CA790E40096962F /* Speech.swift in Sources */ = {isa = PBXBuildFile; fileRef = F72092C31CA790E40096962F /* Speech.swift */; };
		F72092C61CA792040096962F /* Guest.swift in Sources */ = {isa = PBXBuildFile; fileRef = F72092C51CA792040096962F /* Guest.swift */; };
		F72620491CA11C0F00822C73 /* TopicTableViewCell.swift in Sources */ = {isa = PBXBuildFile; fileRef = F72620481CA11C0F00822C73 /* TopicTableViewCell.swift */; };
		F726204B1CA1452000822C73 /* TopicDetailViewController.swift in Sources */ = {isa = PBXBuildFile; fileRef = F726204A1CA1452000822C73 /* TopicDetailViewController.swift */; };
		F726204D1CA22A6900822C73 /* topic.css in Resources */ = {isa = PBXBuildFile; fileRef = F726204C1CA22A6900822C73 /* topic.css */; };
		F726204F1CA27AD400822C73 /* ActivityDetailViewController.swift in Sources */ = {isa = PBXBuildFile; fileRef = F726204E1CA27AD400822C73 /* ActivityDetailViewController.swift */; };
		F72620531CA28D5E00822C73 /* TopImageHeaderCellTableViewCell.swift in Sources */ = {isa = PBXBuildFile; fileRef = F72620521CA28D5E00822C73 /* TopImageHeaderCellTableViewCell.swift */; };
		F72620551CA29DB100822C73 /* TopMainInfoViewCell.swift in Sources */ = {isa = PBXBuildFile; fileRef = F72620541CA29DB100822C73 /* TopMainInfoViewCell.swift */; };
		F73BEC991C9BB5A800E5AFEF /* TopicsContainerViewController.swift in Sources */ = {isa = PBXBuildFile; fileRef = F73BEC981C9BB5A800E5AFEF /* TopicsContainerViewController.swift */; };
		F73BEC9B1C9BB60B00E5AFEF /* TopicsPageViewController.swift in Sources */ = {isa = PBXBuildFile; fileRef = F73BEC9A1C9BB60B00E5AFEF /* TopicsPageViewController.swift */; };
		F73BECA31C9BD99700E5AFEF /* BaseModel.swift in Sources */ = {isa = PBXBuildFile; fileRef = F73BECA21C9BD99700E5AFEF /* BaseModel.swift */; };
		F73BECAA1C9BDAE500E5AFEF /* UserViewController.swift in Sources */ = {isa = PBXBuildFile; fileRef = F73BECA91C9BDAE500E5AFEF /* UserViewController.swift */; };
		F73BECAD1C9BDB2700E5AFEF /* NotificationViewController.swift in Sources */ = {isa = PBXBuildFile; fileRef = F73BECAC1C9BDB2700E5AFEF /* NotificationViewController.swift */; };
		F73BECB01C9BDB4C00E5AFEF /* ActivitiesViewController.swift in Sources */ = {isa = PBXBuildFile; fileRef = F73BECAF1C9BDB4C00E5AFEF /* ActivitiesViewController.swift */; };
		F73BECB31C9BDBAC00E5AFEF /* Notification.storyboard in Resources */ = {isa = PBXBuildFile; fileRef = F73BECB11C9BDBAC00E5AFEF /* Notification.storyboard */; };
		F73BECB81C9BDC7800E5AFEF /* Topic.storyboard in Resources */ = {isa = PBXBuildFile; fileRef = F73BECB61C9BDC7800E5AFEF /* Topic.storyboard */; };
		F73BECBB1C9BDC9F00E5AFEF /* Activity.storyboard in Resources */ = {isa = PBXBuildFile; fileRef = F73BECB91C9BDC9F00E5AFEF /* Activity.storyboard */; };
		F73BECBE1C9BDCAC00E5AFEF /* User.storyboard in Resources */ = {isa = PBXBuildFile; fileRef = F73BECBC1C9BDCAC00E5AFEF /* User.storyboard */; };
		F73BECC11C9BF08F00E5AFEF /* CTScrollView.swift in Sources */ = {isa = PBXBuildFile; fileRef = F73BECC01C9BF08F00E5AFEF /* CTScrollView.swift */; };
		F73BECC41C9E4C7300E5AFEF /* Topic.swift in Sources */ = {isa = PBXBuildFile; fileRef = F73BECC31C9E4C7300E5AFEF /* Topic.swift */; };
		F73BECC61C9F883F00E5AFEF /* ImageLoopTableViewCell.swift in Sources */ = {isa = PBXBuildFile; fileRef = F73BECC51C9F883F00E5AFEF /* ImageLoopTableViewCell.swift */; };
		F73BECC81C9F993900E5AFEF /* ImageCollectionViewCell.swift in Sources */ = {isa = PBXBuildFile; fileRef = F73BECC71C9F993900E5AFEF /* ImageCollectionViewCell.swift */; };
		F73C03801CA4D1CD004AC3D8 /* ActivitySpeechViewCell.swift in Sources */ = {isa = PBXBuildFile; fileRef = F73C037F1CA4D1CD004AC3D8 /* ActivitySpeechViewCell.swift */; };
		F73C03821CA4D463004AC3D8 /* ActivitySpeechGuestViewCell.swift in Sources */ = {isa = PBXBuildFile; fileRef = F73C03811CA4D463004AC3D8 /* ActivitySpeechGuestViewCell.swift */; };
		F73C03841CA4D9AF004AC3D8 /* ActivitySpeechesViewCell.swift in Sources */ = {isa = PBXBuildFile; fileRef = F73C03831CA4D9AF004AC3D8 /* ActivitySpeechesViewCell.swift */; };
		F73C03861CA4DDF0004AC3D8 /* ActivitySpeechViewCell.xib in Resources */ = {isa = PBXBuildFile; fileRef = F73C03851CA4DDF0004AC3D8 /* ActivitySpeechViewCell.xib */; };
		F73C03881CA4DE2E004AC3D8 /* ActivitySpeechGuestViewCell.xib in Resources */ = {isa = PBXBuildFile; fileRef = F73C03871CA4DE2E004AC3D8 /* ActivitySpeechGuestViewCell.xib */; };
		F741ED7F1C9A76F8000A808B /* AppDelegate.swift in Sources */ = {isa = PBXBuildFile; fileRef = F741ED7E1C9A76F8000A808B /* AppDelegate.swift */; };
		F741ED841C9A76F8000A808B /* Main.storyboard in Resources */ = {isa = PBXBuildFile; fileRef = F741ED821C9A76F8000A808B /* Main.storyboard */; };
		F741ED861C9A76F8000A808B /* Assets.xcassets in Resources */ = {isa = PBXBuildFile; fileRef = F741ED851C9A76F8000A808B /* Assets.xcassets */; };
		F741ED891C9A76F8000A808B /* LaunchScreen.storyboard in Resources */ = {isa = PBXBuildFile; fileRef = F741ED871C9A76F8000A808B /* LaunchScreen.storyboard */; };
		F78E4B7F1CB4D54A0049C560 /* CommentsView.swift in Sources */ = {isa = PBXBuildFile; fileRef = F78E4B7E1CB4D54A0049C560 /* CommentsView.swift */; };
		F78E4B811CB4D67C0049C560 /* CommentsView.xib in Resources */ = {isa = PBXBuildFile; fileRef = F78E4B801CB4D67C0049C560 /* CommentsView.xib */; };
		F78E4B831CB4F3A90049C560 /* CommentViewCell.swift in Sources */ = {isa = PBXBuildFile; fileRef = F78E4B821CB4F3A90049C560 /* CommentViewCell.swift */; };
		F78E4B851CB62E220049C560 /* CTTopNavigationBar.swift in Sources */ = {isa = PBXBuildFile; fileRef = F78E4B841CB62E220049C560 /* CTTopNavigationBar.swift */; };
		F78E4B871CB62E860049C560 /* CTTopNavigationBar.xib in Resources */ = {isa = PBXBuildFile; fileRef = F78E4B861CB62E860049C560 /* CTTopNavigationBar.xib */; };
		F78E4B891CB756BE0049C560 /* WriteOrLikeButton.swift in Sources */ = {isa = PBXBuildFile; fileRef = F78E4B881CB756BE0049C560 /* WriteOrLikeButton.swift */; };
		F78E4B8B1CB7882B0049C560 /* UIColor+HEXColor.swift in Sources */ = {isa = PBXBuildFile; fileRef = F78E4B8A1CB7882B0049C560 /* UIColor+HEXColor.swift */; };
		F78E4B8D1CBBAAA50049C560 /* UILabel+FormattedText.swift in Sources */ = {isa = PBXBuildFile; fileRef = F78E4B8C1CBBAAA50049C560 /* UILabel+FormattedText.swift */; };
		F7B0BD041CA9321700EE6A36 /* Audience.swift in Sources */ = {isa = PBXBuildFile; fileRef = F7B0BD031CA9321700EE6A36 /* Audience.swift */; };
		F7BB45EE1CA3D74F006741CB /* ActivityBaseTableViewCell.swift in Sources */ = {isa = PBXBuildFile; fileRef = F7BB45ED1CA3D74F006741CB /* ActivityBaseTableViewCell.swift */; };
		F7C042471CAB7D13000E4F4F /* BaseButton.swift in Sources */ = {isa = PBXBuildFile; fileRef = F7C042461CAB7D13000E4F4F /* BaseButton.swift */; };
		F7C0424D1CAD1361000E4F4F /* ActivityIntroductionViewController.swift in Sources */ = {isa = PBXBuildFile; fileRef = F7C0424C1CAD1361000E4F4F /* ActivityIntroductionViewController.swift */; };
		F7E986871CA399BA0006AB21 /* HeaderViewCell.swift in Sources */ = {isa = PBXBuildFile; fileRef = F7E986861CA399BA0006AB21 /* HeaderViewCell.swift */; };
		F7E986891CA3B8F00006AB21 /* ActivityDescribeViewCell.swift in Sources */ = {isa = PBXBuildFile; fileRef = F7E986881CA3B8F00006AB21 /* ActivityDescribeViewCell.swift */; };
/* End PBXBuildFile section */

/* Begin PBXFileReference section */
		58DC000D3B788B4521751996 /* Pods_GeekPark.framework */ = {isa = PBXFileReference; explicitFileType = wrapper.framework; includeInIndex = 0; path = Pods_GeekPark.framework; sourceTree = BUILT_PRODUCTS_DIR; };
		8E1616741CA1ABFE00E781B2 /* Activity.swift */ = {isa = PBXFileReference; fileEncoding = 4; lastKnownFileType = sourcecode.swift; path = Activity.swift; sourceTree = "<group>"; };
		8E1616761CA1AC6700E781B2 /* ActivityCell.swift */ = {isa = PBXFileReference; fileEncoding = 4; lastKnownFileType = sourcecode.swift; path = ActivityCell.swift; sourceTree = "<group>"; };
		8E3800321CABBAED006CBE03 /* Comment.swift */ = {isa = PBXFileReference; fileEncoding = 4; lastKnownFileType = sourcecode.swift; path = Comment.swift; sourceTree = "<group>"; };
		8E48FD831CB79C0A00BDEDAE /* NotificationGroup.swift */ = {isa = PBXFileReference; fileEncoding = 4; lastKnownFileType = sourcecode.swift; path = NotificationGroup.swift; sourceTree = "<group>"; };
		8E48FD851CB7B2DD00BDEDAE /* UIViewController+Extension.swift */ = {isa = PBXFileReference; fileEncoding = 4; lastKnownFileType = sourcecode.swift; path = "UIViewController+Extension.swift"; sourceTree = "<group>"; };
		8E4D1DB31CACD1360056699F /* UIScrollView+Refreshable.swift */ = {isa = PBXFileReference; fileEncoding = 4; lastKnownFileType = sourcecode.swift; path = "UIScrollView+Refreshable.swift"; sourceTree = "<group>"; };
		8E62A4221CAE2119007867BD /* LaunchView.swift */ = {isa = PBXFileReference; fileEncoding = 4; lastKnownFileType = sourcecode.swift; path = LaunchView.swift; sourceTree = "<group>"; };
		8E62A4241CAE21A9007867BD /* LaunchView.xib */ = {isa = PBXFileReference; fileEncoding = 4; lastKnownFileType = file.xib; path = LaunchView.xib; sourceTree = "<group>"; };
		8E8E150D1CBC933100AB9515 /* UserTicketsViewController.swift */ = {isa = PBXFileReference; fileEncoding = 4; lastKnownFileType = sourcecode.swift; path = UserTicketsViewController.swift; sourceTree = "<group>"; };
		8E8E150F1CBC941300AB9515 /* Ticket.swift */ = {isa = PBXFileReference; fileEncoding = 4; lastKnownFileType = sourcecode.swift; path = Ticket.swift; sourceTree = "<group>"; };
		8E8E15111CBC96B300AB9515 /* UserTicketCell.swift */ = {isa = PBXFileReference; fileEncoding = 4; lastKnownFileType = sourcecode.swift; path = UserTicketCell.swift; sourceTree = "<group>"; };
		8E8E15131CBCB03900AB9515 /* TicketDetailController.swift */ = {isa = PBXFileReference; fileEncoding = 4; lastKnownFileType = sourcecode.swift; path = TicketDetailController.swift; sourceTree = "<group>"; };
		8E8E15151CBCCD8E00AB9515 /* SettingsViewController.swift */ = {isa = PBXFileReference; fileEncoding = 4; lastKnownFileType = sourcecode.swift; path = SettingsViewController.swift; sourceTree = "<group>"; };
		8E8E15171CBCD0F000AB9515 /* SettingCell.swift */ = {isa = PBXFileReference; fileEncoding = 4; lastKnownFileType = sourcecode.swift; path = SettingCell.swift; sourceTree = "<group>"; };
		8E8E15191CBCDC2200AB9515 /* AboutsViewController.swift */ = {isa = PBXFileReference; fileEncoding = 4; lastKnownFileType = sourcecode.swift; path = AboutsViewController.swift; sourceTree = "<group>"; };
		8E92EDA81CA9071D0075D95F /* Config.swift */ = {isa = PBXFileReference; fileEncoding = 4; lastKnownFileType = sourcecode.swift; path = Config.swift; sourceTree = "<group>"; };
		8E92EDAB1CA909800075D95F /* NotificationCell.swift */ = {isa = PBXFileReference; fileEncoding = 4; lastKnownFileType = sourcecode.swift; path = NotificationCell.swift; sourceTree = "<group>"; };
		8E92EDAD1CA92C170075D95F /* NotificationsViewController.swift */ = {isa = PBXFileReference; fileEncoding = 4; lastKnownFileType = sourcecode.swift; path = NotificationsViewController.swift; sourceTree = "<group>"; };
		8E92EDB01CAA28A50075D95F /* Protocols.swift */ = {isa = PBXFileReference; fileEncoding = 4; lastKnownFileType = sourcecode.swift; path = Protocols.swift; sourceTree = "<group>"; };
		8E92EDB21CAA440C0075D95F /* SystemNotificationCell.swift */ = {isa = PBXFileReference; fileEncoding = 4; lastKnownFileType = sourcecode.swift; path = SystemNotificationCell.swift; sourceTree = "<group>"; };
		8E9601A91CAA676800B2A126 /* Notification.swift */ = {isa = PBXFileReference; fileEncoding = 4; lastKnownFileType = sourcecode.swift; path = Notification.swift; sourceTree = "<group>"; };
		8E9601AB1CAA6EF300B2A126 /* ActivityNotificationCell.swift */ = {isa = PBXFileReference; fileEncoding = 4; lastKnownFileType = sourcecode.swift; path = ActivityNotificationCell.swift; sourceTree = "<group>"; };
		8E9601AD1CAA723100B2A126 /* NotificationBaseCell.swift */ = {isa = PBXFileReference; fileEncoding = 4; lastKnownFileType = sourcecode.swift; path = NotificationBaseCell.swift; sourceTree = "<group>"; };
		8E9601AF1CAB876A00B2A126 /* GImage.swift */ = {isa = PBXFileReference; fileEncoding = 4; lastKnownFileType = sourcecode.swift; path = GImage.swift; sourceTree = "<group>"; };
		8E9601B21CAB878300B2A126 /* User.swift */ = {isa = PBXFileReference; fileEncoding = 4; lastKnownFileType = sourcecode.swift; path = User.swift; sourceTree = "<group>"; };
		8EA58C811CBB552E0069F2BD /* NavigationBar+Extension.swift */ = {isa = PBXFileReference; fileEncoding = 4; lastKnownFileType = sourcecode.swift; path = "NavigationBar+Extension.swift"; sourceTree = "<group>"; };
		8EA58C831CBB563D0069F2BD /* TabBar+Extension.swift */ = {isa = PBXFileReference; fileEncoding = 4; lastKnownFileType = sourcecode.swift; path = "TabBar+Extension.swift"; sourceTree = "<group>"; };
		8EA58C881CBB7B6D0069F2BD /* Setting.swift */ = {isa = PBXFileReference; fileEncoding = 4; lastKnownFileType = sourcecode.swift; path = Setting.swift; sourceTree = "<group>"; };
		8EA58C8A1CBB7E5E0069F2BD /* UserCell.swift */ = {isa = PBXFileReference; fileEncoding = 4; lastKnownFileType = sourcecode.swift; path = UserCell.swift; sourceTree = "<group>"; };
		8EA58C8C1CBB91580069F2BD /* NSObject+Extension.swift */ = {isa = PBXFileReference; fileEncoding = 4; lastKnownFileType = sourcecode.swift; path = "NSObject+Extension.swift"; sourceTree = "<group>"; };
		8EA58C901CBBAA300069F2BD /* ActivityContainnerViewController.swift */ = {isa = PBXFileReference; fileEncoding = 4; lastKnownFileType = sourcecode.swift; path = ActivityContainnerViewController.swift; sourceTree = "<group>"; };
		A5BDB739B92701C94D062075 /* Pods-GeekPark.debug.xcconfig */ = {isa = PBXFileReference; includeInIndex = 1; lastKnownFileType = text.xcconfig; name = "Pods-GeekPark.debug.xcconfig"; path = "Pods/Target Support Files/Pods-GeekPark/Pods-GeekPark.debug.xcconfig"; sourceTree = "<group>"; };
		B83C40D5FD667074BE4408D4 /* Pods-GeekPark.release.xcconfig */ = {isa = PBXFileReference; includeInIndex = 1; lastKnownFileType = text.xcconfig; name = "Pods-GeekPark.release.xcconfig"; path = "Pods/Target Support Files/Pods-GeekPark/Pods-GeekPark.release.xcconfig"; sourceTree = "<group>"; };
		F72092AD1CA514300096962F /* ActivityJoinedAudienceViewCell.swift */ = {isa = PBXFileReference; fileEncoding = 4; lastKnownFileType = sourcecode.swift; path = ActivityJoinedAudienceViewCell.swift; sourceTree = "<group>"; };
		F72092AF1CA51E7D0096962F /* AudienceAvatorCollectionViewCell.swift */ = {isa = PBXFileReference; fileEncoding = 4; lastKnownFileType = sourcecode.swift; path = AudienceAvatorCollectionViewCell.swift; sourceTree = "<group>"; };
		F72092B21CA5242D0096962F /* Extensions.swift */ = {isa = PBXFileReference; fileEncoding = 4; lastKnownFileType = sourcecode.swift; path = Extensions.swift; sourceTree = "<group>"; };
		F72092B71CA532FA0096962F /* FullScreenViewController.swift */ = {isa = PBXFileReference; fileEncoding = 4; lastKnownFileType = sourcecode.swift; path = FullScreenViewController.swift; sourceTree = "<group>"; };
		F72092B91CA534210096962F /* DetailViewController.swift */ = {isa = PBXFileReference; fileEncoding = 4; lastKnownFileType = sourcecode.swift; path = DetailViewController.swift; sourceTree = "<group>"; };
		F72092BD1CA636410096962F /* ActivityCommentsViewCell.swift */ = {isa = PBXFileReference; fileEncoding = 4; lastKnownFileType = sourcecode.swift; path = ActivityCommentsViewCell.swift; sourceTree = "<group>"; };
		F72092C31CA790E40096962F /* Speech.swift */ = {isa = PBXFileReference; fileEncoding = 4; lastKnownFileType = sourcecode.swift; path = Speech.swift; sourceTree = "<group>"; };
		F72092C51CA792040096962F /* Guest.swift */ = {isa = PBXFileReference; fileEncoding = 4; lastKnownFileType = sourcecode.swift; path = Guest.swift; sourceTree = "<group>"; };
		F72620481CA11C0F00822C73 /* TopicTableViewCell.swift */ = {isa = PBXFileReference; fileEncoding = 4; lastKnownFileType = sourcecode.swift; name = TopicTableViewCell.swift; path = Assets.xcassets/TopicTableViewCell.swift; sourceTree = "<group>"; };
		F726204A1CA1452000822C73 /* TopicDetailViewController.swift */ = {isa = PBXFileReference; fileEncoding = 4; lastKnownFileType = sourcecode.swift; path = TopicDetailViewController.swift; sourceTree = "<group>"; };
		F726204C1CA22A6900822C73 /* topic.css */ = {isa = PBXFileReference; fileEncoding = 4; lastKnownFileType = text.css; path = topic.css; sourceTree = "<group>"; };
		F726204E1CA27AD400822C73 /* ActivityDetailViewController.swift */ = {isa = PBXFileReference; fileEncoding = 4; lastKnownFileType = sourcecode.swift; path = ActivityDetailViewController.swift; sourceTree = "<group>"; };
		F72620521CA28D5E00822C73 /* TopImageHeaderCellTableViewCell.swift */ = {isa = PBXFileReference; fileEncoding = 4; lastKnownFileType = sourcecode.swift; path = TopImageHeaderCellTableViewCell.swift; sourceTree = "<group>"; };
		F72620541CA29DB100822C73 /* TopMainInfoViewCell.swift */ = {isa = PBXFileReference; fileEncoding = 4; lastKnownFileType = sourcecode.swift; path = TopMainInfoViewCell.swift; sourceTree = "<group>"; };
		F73BEC981C9BB5A800E5AFEF /* TopicsContainerViewController.swift */ = {isa = PBXFileReference; fileEncoding = 4; lastKnownFileType = sourcecode.swift; path = TopicsContainerViewController.swift; sourceTree = "<group>"; };
		F73BEC9A1C9BB60B00E5AFEF /* TopicsPageViewController.swift */ = {isa = PBXFileReference; fileEncoding = 4; lastKnownFileType = sourcecode.swift; path = TopicsPageViewController.swift; sourceTree = "<group>"; };
		F73BECA21C9BD99700E5AFEF /* BaseModel.swift */ = {isa = PBXFileReference; fileEncoding = 4; lastKnownFileType = sourcecode.swift; path = BaseModel.swift; sourceTree = "<group>"; };
		F73BECA91C9BDAE500E5AFEF /* UserViewController.swift */ = {isa = PBXFileReference; fileEncoding = 4; lastKnownFileType = sourcecode.swift; path = UserViewController.swift; sourceTree = "<group>"; };
		F73BECAC1C9BDB2700E5AFEF /* NotificationViewController.swift */ = {isa = PBXFileReference; fileEncoding = 4; lastKnownFileType = sourcecode.swift; path = NotificationViewController.swift; sourceTree = "<group>"; };
		F73BECAF1C9BDB4C00E5AFEF /* ActivitiesViewController.swift */ = {isa = PBXFileReference; fileEncoding = 4; lastKnownFileType = sourcecode.swift; path = ActivitiesViewController.swift; sourceTree = "<group>"; };
		F73BECB21C9BDBAC00E5AFEF /* Base */ = {isa = PBXFileReference; lastKnownFileType = file.storyboard; name = Base; path = Base.lproj/Notification.storyboard; sourceTree = "<group>"; };
		F73BECB71C9BDC7800E5AFEF /* Base */ = {isa = PBXFileReference; lastKnownFileType = file.storyboard; name = Base; path = Base.lproj/Topic.storyboard; sourceTree = "<group>"; };
		F73BECBA1C9BDC9F00E5AFEF /* Base */ = {isa = PBXFileReference; lastKnownFileType = file.storyboard; name = Base; path = Base.lproj/Activity.storyboard; sourceTree = "<group>"; };
		F73BECBD1C9BDCAC00E5AFEF /* Base */ = {isa = PBXFileReference; lastKnownFileType = file.storyboard; name = Base; path = Base.lproj/User.storyboard; sourceTree = "<group>"; };
		F73BECC01C9BF08F00E5AFEF /* CTScrollView.swift */ = {isa = PBXFileReference; fileEncoding = 4; lastKnownFileType = sourcecode.swift; path = CTScrollView.swift; sourceTree = "<group>"; };
		F73BECC31C9E4C7300E5AFEF /* Topic.swift */ = {isa = PBXFileReference; fileEncoding = 4; lastKnownFileType = sourcecode.swift; path = Topic.swift; sourceTree = "<group>"; };
		F73BECC51C9F883F00E5AFEF /* ImageLoopTableViewCell.swift */ = {isa = PBXFileReference; fileEncoding = 4; lastKnownFileType = sourcecode.swift; path = ImageLoopTableViewCell.swift; sourceTree = "<group>"; };
		F73BECC71C9F993900E5AFEF /* ImageCollectionViewCell.swift */ = {isa = PBXFileReference; fileEncoding = 4; lastKnownFileType = sourcecode.swift; path = ImageCollectionViewCell.swift; sourceTree = "<group>"; };
		F73C037F1CA4D1CD004AC3D8 /* ActivitySpeechViewCell.swift */ = {isa = PBXFileReference; fileEncoding = 4; lastKnownFileType = sourcecode.swift; path = ActivitySpeechViewCell.swift; sourceTree = "<group>"; };
		F73C03811CA4D463004AC3D8 /* ActivitySpeechGuestViewCell.swift */ = {isa = PBXFileReference; fileEncoding = 4; lastKnownFileType = sourcecode.swift; path = ActivitySpeechGuestViewCell.swift; sourceTree = "<group>"; };
		F73C03831CA4D9AF004AC3D8 /* ActivitySpeechesViewCell.swift */ = {isa = PBXFileReference; fileEncoding = 4; lastKnownFileType = sourcecode.swift; path = ActivitySpeechesViewCell.swift; sourceTree = "<group>"; };
		F73C03851CA4DDF0004AC3D8 /* ActivitySpeechViewCell.xib */ = {isa = PBXFileReference; fileEncoding = 4; lastKnownFileType = file.xib; path = ActivitySpeechViewCell.xib; sourceTree = "<group>"; };
		F73C03871CA4DE2E004AC3D8 /* ActivitySpeechGuestViewCell.xib */ = {isa = PBXFileReference; fileEncoding = 4; lastKnownFileType = file.xib; path = ActivitySpeechGuestViewCell.xib; sourceTree = "<group>"; };
		F741ED7B1C9A76F8000A808B /* GeekPark.app */ = {isa = PBXFileReference; explicitFileType = wrapper.application; includeInIndex = 0; path = GeekPark.app; sourceTree = BUILT_PRODUCTS_DIR; };
		F741ED7E1C9A76F8000A808B /* AppDelegate.swift */ = {isa = PBXFileReference; lastKnownFileType = sourcecode.swift; path = AppDelegate.swift; sourceTree = "<group>"; };
		F741ED831C9A76F8000A808B /* Base */ = {isa = PBXFileReference; lastKnownFileType = file.storyboard; name = Base; path = Base.lproj/Main.storyboard; sourceTree = "<group>"; };
		F741ED851C9A76F8000A808B /* Assets.xcassets */ = {isa = PBXFileReference; lastKnownFileType = folder.assetcatalog; path = Assets.xcassets; sourceTree = "<group>"; };
		F741ED881C9A76F8000A808B /* Base */ = {isa = PBXFileReference; lastKnownFileType = file.storyboard; name = Base; path = Base.lproj/LaunchScreen.storyboard; sourceTree = "<group>"; };
		F741ED8A1C9A76F8000A808B /* Info.plist */ = {isa = PBXFileReference; lastKnownFileType = text.plist.xml; path = Info.plist; sourceTree = "<group>"; };
		F78E4B7E1CB4D54A0049C560 /* CommentsView.swift */ = {isa = PBXFileReference; fileEncoding = 4; lastKnownFileType = sourcecode.swift; path = CommentsView.swift; sourceTree = "<group>"; };
		F78E4B801CB4D67C0049C560 /* CommentsView.xib */ = {isa = PBXFileReference; fileEncoding = 4; lastKnownFileType = file.xib; path = CommentsView.xib; sourceTree = "<group>"; };
		F78E4B821CB4F3A90049C560 /* CommentViewCell.swift */ = {isa = PBXFileReference; fileEncoding = 4; lastKnownFileType = sourcecode.swift; path = CommentViewCell.swift; sourceTree = "<group>"; };
		F78E4B841CB62E220049C560 /* CTTopNavigationBar.swift */ = {isa = PBXFileReference; fileEncoding = 4; lastKnownFileType = sourcecode.swift; path = CTTopNavigationBar.swift; sourceTree = "<group>"; };
		F78E4B861CB62E860049C560 /* CTTopNavigationBar.xib */ = {isa = PBXFileReference; fileEncoding = 4; lastKnownFileType = file.xib; path = CTTopNavigationBar.xib; sourceTree = "<group>"; };
		F78E4B881CB756BE0049C560 /* WriteOrLikeButton.swift */ = {isa = PBXFileReference; fileEncoding = 4; lastKnownFileType = sourcecode.swift; path = WriteOrLikeButton.swift; sourceTree = "<group>"; };
		F78E4B8A1CB7882B0049C560 /* UIColor+HEXColor.swift */ = {isa = PBXFileReference; fileEncoding = 4; lastKnownFileType = sourcecode.swift; path = "UIColor+HEXColor.swift"; sourceTree = "<group>"; };
		F78E4B8C1CBBAAA50049C560 /* UILabel+FormattedText.swift */ = {isa = PBXFileReference; fileEncoding = 4; lastKnownFileType = sourcecode.swift; path = "UILabel+FormattedText.swift"; sourceTree = "<group>"; };
		F7B0BD011CA929F300EE6A36 /* Config.swift */ = {isa = PBXFileReference; fileEncoding = 4; lastKnownFileType = sourcecode.swift; path = Config.swift; sourceTree = "<group>"; };
		F7B0BD031CA9321700EE6A36 /* Audience.swift */ = {isa = PBXFileReference; fileEncoding = 4; lastKnownFileType = sourcecode.swift; path = Audience.swift; sourceTree = "<group>"; };
		F7BB45ED1CA3D74F006741CB /* ActivityBaseTableViewCell.swift */ = {isa = PBXFileReference; fileEncoding = 4; lastKnownFileType = sourcecode.swift; path = ActivityBaseTableViewCell.swift; sourceTree = "<group>"; };
		F7C042461CAB7D13000E4F4F /* BaseButton.swift */ = {isa = PBXFileReference; fileEncoding = 4; lastKnownFileType = sourcecode.swift; path = BaseButton.swift; sourceTree = "<group>"; };
		F7C0424C1CAD1361000E4F4F /* ActivityIntroductionViewController.swift */ = {isa = PBXFileReference; fileEncoding = 4; lastKnownFileType = sourcecode.swift; path = ActivityIntroductionViewController.swift; sourceTree = "<group>"; };
		F7E986861CA399BA0006AB21 /* HeaderViewCell.swift */ = {isa = PBXFileReference; fileEncoding = 4; lastKnownFileType = sourcecode.swift; path = HeaderViewCell.swift; sourceTree = "<group>"; };
		F7E986881CA3B8F00006AB21 /* ActivityDescribeViewCell.swift */ = {isa = PBXFileReference; fileEncoding = 4; lastKnownFileType = sourcecode.swift; path = ActivityDescribeViewCell.swift; sourceTree = "<group>"; };
/* End PBXFileReference section */

/* Begin PBXFrameworksBuildPhase section */
		F741ED781C9A76F8000A808B /* Frameworks */ = {
			isa = PBXFrameworksBuildPhase;
			buildActionMask = 2147483647;
			files = (
				F373234348C93092C2815404 /* Pods_GeekPark.framework in Frameworks */,
			);
			runOnlyForDeploymentPostprocessing = 0;
		};
/* End PBXFrameworksBuildPhase section */

/* Begin PBXGroup section */
		27DE0DB4D9EB2D18383C4228 /* Pods */ = {
			isa = PBXGroup;
			children = (
				A5BDB739B92701C94D062075 /* Pods-GeekPark.debug.xcconfig */,
				B83C40D5FD667074BE4408D4 /* Pods-GeekPark.release.xcconfig */,
			);
			name = Pods;
			sourceTree = "<group>";
		};
		8E1616721CA1ABDC00E781B2 /* Model */ = {
			isa = PBXGroup;
			children = (
				8E1616741CA1ABFE00E781B2 /* Activity.swift */,
				F72092C31CA790E40096962F /* Speech.swift */,
				F72092C51CA792040096962F /* Guest.swift */,
				F7B0BD031CA9321700EE6A36 /* Audience.swift */,
			);
			name = Model;
			sourceTree = "<group>";
		};
		8E1616731CA1ABE500E781B2 /* View */ = {
			isa = PBXGroup;
			children = (
				8E1616761CA1AC6700E781B2 /* ActivityCell.swift */,
				F7BB45ED1CA3D74F006741CB /* ActivityBaseTableViewCell.swift */,
				F72620521CA28D5E00822C73 /* TopImageHeaderCellTableViewCell.swift */,
				F72620541CA29DB100822C73 /* TopMainInfoViewCell.swift */,
				F7E986861CA399BA0006AB21 /* HeaderViewCell.swift */,
				F7E986881CA3B8F00006AB21 /* ActivityDescribeViewCell.swift */,
				F73C03831CA4D9AF004AC3D8 /* ActivitySpeechesViewCell.swift */,
				F73C037F1CA4D1CD004AC3D8 /* ActivitySpeechViewCell.swift */,
				F73C03851CA4DDF0004AC3D8 /* ActivitySpeechViewCell.xib */,
				F73C03811CA4D463004AC3D8 /* ActivitySpeechGuestViewCell.swift */,
				F73C03871CA4DE2E004AC3D8 /* ActivitySpeechGuestViewCell.xib */,
				F72092AD1CA514300096962F /* ActivityJoinedAudienceViewCell.swift */,
				F72092AF1CA51E7D0096962F /* AudienceAvatorCollectionViewCell.swift */,
				F72092BD1CA636410096962F /* ActivityCommentsViewCell.swift */,
			);
			name = View;
			sourceTree = "<group>";
		};
		8E48FD821CB79BF700BDEDAE /* Model */ = {
			isa = PBXGroup;
			children = (
				8E9601A91CAA676800B2A126 /* Notification.swift */,
				8E48FD831CB79C0A00BDEDAE /* NotificationGroup.swift */,
			);
			name = Model;
			sourceTree = "<group>";
		};
		8E92EDAA1CA9095C0075D95F /* View */ = {
			isa = PBXGroup;
			children = (
				8E92EDAB1CA909800075D95F /* NotificationCell.swift */,
				8E92EDB21CAA440C0075D95F /* SystemNotificationCell.swift */,
				8E9601AB1CAA6EF300B2A126 /* ActivityNotificationCell.swift */,
				8E9601AD1CAA723100B2A126 /* NotificationBaseCell.swift */,
			);
			name = View;
			sourceTree = "<group>";
		};
		8E92EDAF1CAA28730075D95F /* Protocol */ = {
			isa = PBXGroup;
			children = (
				8E92EDB01CAA28A50075D95F /* Protocols.swift */,
			);
			name = Protocol;
			sourceTree = "<group>";
		};
		8E9601B11CAB877800B2A126 /* Model */ = {
			isa = PBXGroup;
			children = (
				8E9601B21CAB878300B2A126 /* User.swift */,
				8EA58C881CBB7B6D0069F2BD /* Setting.swift */,
				8E8E150F1CBC941300AB9515 /* Ticket.swift */,
			);
			name = Model;
			sourceTree = "<group>";
		};
		8EA58C851CBB76260069F2BD /* View */ = {
			isa = PBXGroup;
			children = (
				8EA58C8A1CBB7E5E0069F2BD /* UserCell.swift */,
				8E8E15111CBC96B300AB9515 /* UserTicketCell.swift */,
				8E8E15171CBCD0F000AB9515 /* SettingCell.swift */,
			);
			name = View;
			sourceTree = "<group>";
		};
		A9203B4678EA268551A9FF85 /* Frameworks */ = {
			isa = PBXGroup;
			children = (
				58DC000D3B788B4521751996 /* Pods_GeekPark.framework */,
			);
			name = Frameworks;
			sourceTree = "<group>";
		};
		F72092B11CA524180096962F /* Extensions */ = {
			isa = PBXGroup;
			children = (
				F72092B21CA5242D0096962F /* Extensions.swift */,
				8E4D1DB31CACD1360056699F /* UIScrollView+Refreshable.swift */,
				8E48FD851CB7B2DD00BDEDAE /* UIViewController+Extension.swift */,
				8EA58C811CBB552E0069F2BD /* NavigationBar+Extension.swift */,
				8EA58C831CBB563D0069F2BD /* TabBar+Extension.swift */,
				F78E4B8A1CB7882B0049C560 /* UIColor+HEXColor.swift */,
				8EA58C8C1CBB91580069F2BD /* NSObject+Extension.swift */,
				F78E4B8C1CBBAAA50049C560 /* UILabel+FormattedText.swift */,
			);
			name = Extensions;
			sourceTree = "<group>";
		};
		F72092B61CA532D60096962F /* Controller */ = {
			isa = PBXGroup;
			children = (
				F72092B71CA532FA0096962F /* FullScreenViewController.swift */,
				F72092B91CA534210096962F /* DetailViewController.swift */,
			);
			name = Controller;
			sourceTree = "<group>";
		};
		F73BEC971C9BB58600E5AFEF /* Controller */ = {
			isa = PBXGroup;
			children = (
				F73BEC981C9BB5A800E5AFEF /* TopicsContainerViewController.swift */,
				F73BEC9A1C9BB60B00E5AFEF /* TopicsPageViewController.swift */,
				F726204A1CA1452000822C73 /* TopicDetailViewController.swift */,
			);
			name = Controller;
			sourceTree = "<group>";
		};
		F73BEC9E1C9BD5F500E5AFEF /* Topic */ = {
			isa = PBXGroup;
			children = (
				F73BECB61C9BDC7800E5AFEF /* Topic.storyboard */,
				F73BECC21C9E4C6200E5AFEF /* Model */,
				F73BECBF1C9BEC0100E5AFEF /* View */,
				F73BEC971C9BB58600E5AFEF /* Controller */,
			);
			name = Topic;
			sourceTree = "<group>";
		};
		F73BEC9F1C9BD6D800E5AFEF /* Commen */ = {
			isa = PBXGroup;
			children = (
				F7C042451CAB7CF5000E4F4F /* View */,
				8E92EDAF1CAA28730075D95F /* Protocol */,
				F72092B61CA532D60096962F /* Controller */,
				F72092B11CA524180096962F /* Extensions */,
				F73BECA11C9BD97800E5AFEF /* Model */,
				F7B0BD011CA929F300EE6A36 /* Config.swift */,
			);
			name = Commen;
			sourceTree = "<group>";
		};
		F73BECA11C9BD97800E5AFEF /* Model */ = {
			isa = PBXGroup;
			children = (
				F73BECA21C9BD99700E5AFEF /* BaseModel.swift */,
				8E92EDA81CA9071D0075D95F /* Config.swift */,
				8E9601AF1CAB876A00B2A126 /* GImage.swift */,
				8E3800321CABBAED006CBE03 /* Comment.swift */,
			);
			name = Model;
			sourceTree = "<group>";
		};
		F73BECA41C9BDA4500E5AFEF /* Activity */ = {
			isa = PBXGroup;
			children = (
				F73BECB91C9BDC9F00E5AFEF /* Activity.storyboard */,
				8E1616731CA1ABE500E781B2 /* View */,
				8E1616721CA1ABDC00E781B2 /* Model */,
				F73BECAE1C9BDB3800E5AFEF /* Controller */,
			);
			name = Activity;
			sourceTree = "<group>";
		};
		F73BECA51C9BDA7600E5AFEF /* Notification */ = {
			isa = PBXGroup;
			children = (
				8E48FD821CB79BF700BDEDAE /* Model */,
				8E92EDAA1CA9095C0075D95F /* View */,
				F73BECB11C9BDBAC00E5AFEF /* Notification.storyboard */,
				F73BECAB1C9BDB0B00E5AFEF /* Controller */,
			);
			name = Notification;
			sourceTree = "<group>";
		};
		F73BECA61C9BDA8C00E5AFEF /* User */ = {
			isa = PBXGroup;
			children = (
				8EA58C851CBB76260069F2BD /* View */,
				8E9601B11CAB877800B2A126 /* Model */,
				F73BECBC1C9BDCAC00E5AFEF /* User.storyboard */,
				F73BECA81C9BDAD200E5AFEF /* Controller */,
			);
			name = User;
			sourceTree = "<group>";
		};
		F73BECA81C9BDAD200E5AFEF /* Controller */ = {
			isa = PBXGroup;
			children = (
				F73BECA91C9BDAE500E5AFEF /* UserViewController.swift */,
				8E8E150D1CBC933100AB9515 /* UserTicketsViewController.swift */,
				8E8E15131CBCB03900AB9515 /* TicketDetailController.swift */,
				8E8E15151CBCCD8E00AB9515 /* SettingsViewController.swift */,
				8E8E15191CBCDC2200AB9515 /* AboutsViewController.swift */,
			);
			name = Controller;
			sourceTree = "<group>";
		};
		F73BECAB1C9BDB0B00E5AFEF /* Controller */ = {
			isa = PBXGroup;
			children = (
				F73BECAC1C9BDB2700E5AFEF /* NotificationViewController.swift */,
				8E92EDAD1CA92C170075D95F /* NotificationsViewController.swift */,
			);
			name = Controller;
			sourceTree = "<group>";
		};
		F73BECAE1C9BDB3800E5AFEF /* Controller */ = {
			isa = PBXGroup;
			children = (
				F73BECAF1C9BDB4C00E5AFEF /* ActivitiesViewController.swift */,
				F726204E1CA27AD400822C73 /* ActivityDetailViewController.swift */,
				F7C0424C1CAD1361000E4F4F /* ActivityIntroductionViewController.swift */,
				8EA58C901CBBAA300069F2BD /* ActivityContainnerViewController.swift */,
			);
			name = Controller;
			sourceTree = "<group>";
		};
		F73BECBF1C9BEC0100E5AFEF /* View */ = {
			isa = PBXGroup;
			children = (
				F73BECC01C9BF08F00E5AFEF /* CTScrollView.swift */,
				F73BECC51C9F883F00E5AFEF /* ImageLoopTableViewCell.swift */,
				F73BECC71C9F993900E5AFEF /* ImageCollectionViewCell.swift */,
				F72620481CA11C0F00822C73 /* TopicTableViewCell.swift */,
			);
			name = View;
			sourceTree = "<group>";
		};
		F73BECC21C9E4C6200E5AFEF /* Model */ = {
			isa = PBXGroup;
			children = (
				F73BECC31C9E4C7300E5AFEF /* Topic.swift */,
			);
			name = Model;
			sourceTree = "<group>";
		};
		F741ED721C9A76F8000A808B = {
			isa = PBXGroup;
			children = (
				F741ED7D1C9A76F8000A808B /* GeekPark */,
				F741ED7C1C9A76F8000A808B /* Products */,
				27DE0DB4D9EB2D18383C4228 /* Pods */,
				A9203B4678EA268551A9FF85 /* Frameworks */,
			);
			sourceTree = "<group>";
		};
		F741ED7C1C9A76F8000A808B /* Products */ = {
			isa = PBXGroup;
			children = (
				F741ED7B1C9A76F8000A808B /* GeekPark.app */,
			);
			name = Products;
			sourceTree = "<group>";
		};
		F741ED7D1C9A76F8000A808B /* GeekPark */ = {
			isa = PBXGroup;
			children = (
				F73BECA61C9BDA8C00E5AFEF /* User */,
				F73BECA51C9BDA7600E5AFEF /* Notification */,
				F73BECA41C9BDA4500E5AFEF /* Activity */,
				F73BEC9F1C9BD6D800E5AFEF /* Commen */,
				F73BEC9E1C9BD5F500E5AFEF /* Topic */,
				F741ED7E1C9A76F8000A808B /* AppDelegate.swift */,
				F741ED821C9A76F8000A808B /* Main.storyboard */,
				F741ED851C9A76F8000A808B /* Assets.xcassets */,
				F741ED871C9A76F8000A808B /* LaunchScreen.storyboard */,
				F741ED8A1C9A76F8000A808B /* Info.plist */,
				F726204C1CA22A6900822C73 /* topic.css */,
			);
			path = GeekPark;
			sourceTree = "<group>";
		};
		F7C042451CAB7CF5000E4F4F /* View */ = {
			isa = PBXGroup;
			children = (
				F7C042461CAB7D13000E4F4F /* BaseButton.swift */,
				8E62A4221CAE2119007867BD /* LaunchView.swift */,
				8E62A4241CAE21A9007867BD /* LaunchView.xib */,
				F78E4B7E1CB4D54A0049C560 /* CommentsView.swift */,
				F78E4B821CB4F3A90049C560 /* CommentViewCell.swift */,
				F78E4B801CB4D67C0049C560 /* CommentsView.xib */,
				F78E4B841CB62E220049C560 /* CTTopNavigationBar.swift */,
				F78E4B861CB62E860049C560 /* CTTopNavigationBar.xib */,
				F78E4B881CB756BE0049C560 /* WriteOrLikeButton.swift */,
			);
			name = View;
			sourceTree = "<group>";
		};
/* End PBXGroup section */

/* Begin PBXNativeTarget section */
		F741ED7A1C9A76F8000A808B /* GeekPark */ = {
			isa = PBXNativeTarget;
			buildConfigurationList = F741ED8D1C9A76F8000A808B /* Build configuration list for PBXNativeTarget "GeekPark" */;
			buildPhases = (
				47E9C3980F6F2E0D4A03165B /* Check Pods Manifest.lock */,
				F741ED771C9A76F8000A808B /* Sources */,
				F741ED781C9A76F8000A808B /* Frameworks */,
				F741ED791C9A76F8000A808B /* Resources */,
				2BF5437F8696D10E16833E2F /* Embed Pods Frameworks */,
				759BF5664AD90BC511C38D3A /* Copy Pods Resources */,
			);
			buildRules = (
			);
			dependencies = (
			);
			name = GeekPark;
			productName = GeekPark;
			productReference = F741ED7B1C9A76F8000A808B /* GeekPark.app */;
			productType = "com.apple.product-type.application";
		};
/* End PBXNativeTarget section */

/* Begin PBXProject section */
		F741ED731C9A76F8000A808B /* Project object */ = {
			isa = PBXProject;
			attributes = {
				LastSwiftUpdateCheck = 0720;
				LastUpgradeCheck = 0720;
				ORGANIZATIONNAME = GeekPark;
				TargetAttributes = {
					F741ED7A1C9A76F8000A808B = {
						CreatedOnToolsVersion = 7.2.1;
						DevelopmentTeam = KBEAWBS8N5;
					};
				};
			};
			buildConfigurationList = F741ED761C9A76F8000A808B /* Build configuration list for PBXProject "GeekPark" */;
			compatibilityVersion = "Xcode 3.2";
			developmentRegion = English;
			hasScannedForEncodings = 0;
			knownRegions = (
				en,
				Base,
			);
			mainGroup = F741ED721C9A76F8000A808B;
			productRefGroup = F741ED7C1C9A76F8000A808B /* Products */;
			projectDirPath = "";
			projectRoot = "";
			targets = (
				F741ED7A1C9A76F8000A808B /* GeekPark */,
			);
		};
/* End PBXProject section */

/* Begin PBXResourcesBuildPhase section */
		F741ED791C9A76F8000A808B /* Resources */ = {
			isa = PBXResourcesBuildPhase;
			buildActionMask = 2147483647;
			files = (
				F78E4B811CB4D67C0049C560 /* CommentsView.xib in Resources */,
				F741ED891C9A76F8000A808B /* LaunchScreen.storyboard in Resources */,
				F73C03861CA4DDF0004AC3D8 /* ActivitySpeechViewCell.xib in Resources */,
				F73BECBB1C9BDC9F00E5AFEF /* Activity.storyboard in Resources */,
				F741ED861C9A76F8000A808B /* Assets.xcassets in Resources */,
				F73C03881CA4DE2E004AC3D8 /* ActivitySpeechGuestViewCell.xib in Resources */,
				8E62A4251CAE21A9007867BD /* LaunchView.xib in Resources */,
				F741ED841C9A76F8000A808B /* Main.storyboard in Resources */,
				F78E4B871CB62E860049C560 /* CTTopNavigationBar.xib in Resources */,
				F73BECB81C9BDC7800E5AFEF /* Topic.storyboard in Resources */,
				F73BECBE1C9BDCAC00E5AFEF /* User.storyboard in Resources */,
				F73BECB31C9BDBAC00E5AFEF /* Notification.storyboard in Resources */,
				F726204D1CA22A6900822C73 /* topic.css in Resources */,
			);
			runOnlyForDeploymentPostprocessing = 0;
		};
/* End PBXResourcesBuildPhase section */

/* Begin PBXShellScriptBuildPhase section */
		2BF5437F8696D10E16833E2F /* Embed Pods Frameworks */ = {
			isa = PBXShellScriptBuildPhase;
			buildActionMask = 2147483647;
			files = (
			);
			inputPaths = (
			);
			name = "Embed Pods Frameworks";
			outputPaths = (
			);
			runOnlyForDeploymentPostprocessing = 0;
			shellPath = /bin/sh;
			shellScript = "\"${SRCROOT}/Pods/Target Support Files/Pods-GeekPark/Pods-GeekPark-frameworks.sh\"\n";
			showEnvVarsInLog = 0;
		};
		47E9C3980F6F2E0D4A03165B /* Check Pods Manifest.lock */ = {
			isa = PBXShellScriptBuildPhase;
			buildActionMask = 2147483647;
			files = (
			);
			inputPaths = (
			);
			name = "Check Pods Manifest.lock";
			outputPaths = (
			);
			runOnlyForDeploymentPostprocessing = 0;
			shellPath = /bin/sh;
			shellScript = "diff \"${PODS_ROOT}/../Podfile.lock\" \"${PODS_ROOT}/Manifest.lock\" > /dev/null\nif [[ $? != 0 ]] ; then\n    cat << EOM\nerror: The sandbox is not in sync with the Podfile.lock. Run 'pod install' or update your CocoaPods installation.\nEOM\n    exit 1\nfi\n";
			showEnvVarsInLog = 0;
		};
		759BF5664AD90BC511C38D3A /* Copy Pods Resources */ = {
			isa = PBXShellScriptBuildPhase;
			buildActionMask = 2147483647;
			files = (
			);
			inputPaths = (
			);
			name = "Copy Pods Resources";
			outputPaths = (
			);
			runOnlyForDeploymentPostprocessing = 0;
			shellPath = /bin/sh;
			shellScript = "\"${SRCROOT}/Pods/Target Support Files/Pods-GeekPark/Pods-GeekPark-resources.sh\"\n";
			showEnvVarsInLog = 0;
		};
/* End PBXShellScriptBuildPhase section */

/* Begin PBXSourcesBuildPhase section */
		F741ED771C9A76F8000A808B /* Sources */ = {
			isa = PBXSourcesBuildPhase;
			buildActionMask = 2147483647;
			files = (
				8E1616751CA1ABFE00E781B2 /* Activity.swift in Sources */,
				8E92EDB31CAA440C0075D95F /* SystemNotificationCell.swift in Sources */,
				F78E4B891CB756BE0049C560 /* WriteOrLikeButton.swift in Sources */,
				8E9601AC1CAA6EF300B2A126 /* ActivityNotificationCell.swift in Sources */,
				F73BECAA1C9BDAE500E5AFEF /* UserViewController.swift in Sources */,
				F72092C61CA792040096962F /* Guest.swift in Sources */,
				8E8E151A1CBCDC2200AB9515 /* AboutsViewController.swift in Sources */,
				F73BECC61C9F883F00E5AFEF /* ImageLoopTableViewCell.swift in Sources */,
				8E8E150E1CBC933100AB9515 /* UserTicketsViewController.swift in Sources */,
				F72092B01CA51E7D0096962F /* AudienceAvatorCollectionViewCell.swift in Sources */,
				F73BECC81C9F993900E5AFEF /* ImageCollectionViewCell.swift in Sources */,
				F72620491CA11C0F00822C73 /* TopicTableViewCell.swift in Sources */,
				8E8E15101CBC941300AB9515 /* Ticket.swift in Sources */,
				F73BECA31C9BD99700E5AFEF /* BaseModel.swift in Sources */,
				F72092B31CA5242D0096962F /* Extensions.swift in Sources */,
				F73BECC41C9E4C7300E5AFEF /* Topic.swift in Sources */,
				8E92EDB11CAA28A50075D95F /* Protocols.swift in Sources */,
				8E4D1DB41CACD1360056699F /* UIScrollView+Refreshable.swift in Sources */,
				F7C0424D1CAD1361000E4F4F /* ActivityIntroductionViewController.swift in Sources */,
				F72620531CA28D5E00822C73 /* TopImageHeaderCellTableViewCell.swift in Sources */,
				8E8E15161CBCCD8E00AB9515 /* SettingsViewController.swift in Sources */,
				F73BECAD1C9BDB2700E5AFEF /* NotificationViewController.swift in Sources */,
				F73BECB01C9BDB4C00E5AFEF /* ActivitiesViewController.swift in Sources */,
				8E1616771CA1AC6700E781B2 /* ActivityCell.swift in Sources */,
				8EA58C8D1CBB91580069F2BD /* NSObject+Extension.swift in Sources */,
				F7BB45EE1CA3D74F006741CB /* ActivityBaseTableViewCell.swift in Sources */,
				F73C03841CA4D9AF004AC3D8 /* ActivitySpeechesViewCell.swift in Sources */,
				8E62A4231CAE2119007867BD /* LaunchView.swift in Sources */,
				F78E4B831CB4F3A90049C560 /* CommentViewCell.swift in Sources */,
				8E92EDA91CA9071D0075D95F /* Config.swift in Sources */,
				F7E986891CA3B8F00006AB21 /* ActivityDescribeViewCell.swift in Sources */,
				8E9601B01CAB876A00B2A126 /* GImage.swift in Sources */,
				F73C03821CA4D463004AC3D8 /* ActivitySpeechGuestViewCell.swift in Sources */,
				8E3800331CABBAED006CBE03 /* Comment.swift in Sources */,
				F726204F1CA27AD400822C73 /* ActivityDetailViewController.swift in Sources */,
				8E8E15181CBCD0F000AB9515 /* SettingCell.swift in Sources */,
				F78E4B851CB62E220049C560 /* CTTopNavigationBar.swift in Sources */,
				F73BECC11C9BF08F00E5AFEF /* CTScrollView.swift in Sources */,
				F78E4B7F1CB4D54A0049C560 /* CommentsView.swift in Sources */,
				8EA58C841CBB563D0069F2BD /* TabBar+Extension.swift in Sources */,
				F7E986871CA399BA0006AB21 /* HeaderViewCell.swift in Sources */,
				F741ED7F1C9A76F8000A808B /* AppDelegate.swift in Sources */,
				8EA58C891CBB7B6D0069F2BD /* Setting.swift in Sources */,
				F72092C41CA790E40096962F /* Speech.swift in Sources */,
				F73BEC9B1C9BB60B00E5AFEF /* TopicsPageViewController.swift in Sources */,
				F7C042471CAB7D13000E4F4F /* BaseButton.swift in Sources */,
				8E92EDAE1CA92C170075D95F /* NotificationsViewController.swift in Sources */,
				8E48FD841CB79C0A00BDEDAE /* NotificationGroup.swift in Sources */,
				8E8E15121CBC96B300AB9515 /* UserTicketCell.swift in Sources */,
				8E8E15141CBCB03900AB9515 /* TicketDetailController.swift in Sources */,
				8EA58C821CBB552E0069F2BD /* NavigationBar+Extension.swift in Sources */,
				F7B0BD041CA9321700EE6A36 /* Audience.swift in Sources */,
				8E9601B31CAB878300B2A126 /* User.swift in Sources */,
				8EA58C911CBBAA300069F2BD /* ActivityContainnerViewController.swift in Sources */,
				8EA58C8B1CBB7E5E0069F2BD /* UserCell.swift in Sources */,
				F72092AE1CA514300096962F /* ActivityJoinedAudienceViewCell.swift in Sources */,
				F78E4B8B1CB7882B0049C560 /* UIColor+HEXColor.swift in Sources */,
				8E92EDAC1CA909800075D95F /* NotificationCell.swift in Sources */,
				F726204B1CA1452000822C73 /* TopicDetailViewController.swift in Sources */,
				F72092BA1CA534210096962F /* DetailViewController.swift in Sources */,
				F73BEC991C9BB5A800E5AFEF /* TopicsContainerViewController.swift in Sources */,
				F72620551CA29DB100822C73 /* TopMainInfoViewCell.swift in Sources */,
				F78E4B8D1CBBAAA50049C560 /* UILabel+FormattedText.swift in Sources */,
				8E9601AA1CAA676800B2A126 /* Notification.swift in Sources */,
				8E9601AE1CAA723100B2A126 /* NotificationBaseCell.swift in Sources */,
				8E48FD861CB7B2DD00BDEDAE /* UIViewController+Extension.swift in Sources */,
				F72092BE1CA636410096962F /* ActivityCommentsViewCell.swift in Sources */,
				F73C03801CA4D1CD004AC3D8 /* ActivitySpeechViewCell.swift in Sources */,
				F72092B81CA532FA0096962F /* FullScreenViewController.swift in Sources */,
			);
			runOnlyForDeploymentPostprocessing = 0;
		};
/* End PBXSourcesBuildPhase section */

/* Begin PBXVariantGroup section */
		F73BECB11C9BDBAC00E5AFEF /* Notification.storyboard */ = {
			isa = PBXVariantGroup;
			children = (
				F73BECB21C9BDBAC00E5AFEF /* Base */,
			);
			name = Notification.storyboard;
			sourceTree = "<group>";
		};
		F73BECB61C9BDC7800E5AFEF /* Topic.storyboard */ = {
			isa = PBXVariantGroup;
			children = (
				F73BECB71C9BDC7800E5AFEF /* Base */,
			);
			name = Topic.storyboard;
			sourceTree = "<group>";
		};
		F73BECB91C9BDC9F00E5AFEF /* Activity.storyboard */ = {
			isa = PBXVariantGroup;
			children = (
				F73BECBA1C9BDC9F00E5AFEF /* Base */,
			);
			name = Activity.storyboard;
			sourceTree = "<group>";
		};
		F73BECBC1C9BDCAC00E5AFEF /* User.storyboard */ = {
			isa = PBXVariantGroup;
			children = (
				F73BECBD1C9BDCAC00E5AFEF /* Base */,
			);
			name = User.storyboard;
			sourceTree = "<group>";
		};
		F741ED821C9A76F8000A808B /* Main.storyboard */ = {
			isa = PBXVariantGroup;
			children = (
				F741ED831C9A76F8000A808B /* Base */,
			);
			name = Main.storyboard;
			sourceTree = "<group>";
		};
		F741ED871C9A76F8000A808B /* LaunchScreen.storyboard */ = {
			isa = PBXVariantGroup;
			children = (
				F741ED881C9A76F8000A808B /* Base */,
			);
			name = LaunchScreen.storyboard;
			sourceTree = "<group>";
		};
/* End PBXVariantGroup section */

/* Begin XCBuildConfiguration section */
		F741ED8B1C9A76F8000A808B /* Debug */ = {
			isa = XCBuildConfiguration;
			buildSettings = {
				ALWAYS_SEARCH_USER_PATHS = NO;
				CLANG_CXX_LANGUAGE_STANDARD = "gnu++0x";
				CLANG_CXX_LIBRARY = "libc++";
				CLANG_ENABLE_MODULES = YES;
				CLANG_ENABLE_OBJC_ARC = YES;
				CLANG_WARN_BOOL_CONVERSION = YES;
				CLANG_WARN_CONSTANT_CONVERSION = YES;
				CLANG_WARN_DIRECT_OBJC_ISA_USAGE = YES_ERROR;
				CLANG_WARN_EMPTY_BODY = YES;
				CLANG_WARN_ENUM_CONVERSION = YES;
				CLANG_WARN_INT_CONVERSION = YES;
				CLANG_WARN_OBJC_ROOT_CLASS = YES_ERROR;
				CLANG_WARN_UNREACHABLE_CODE = YES;
				CLANG_WARN__DUPLICATE_METHOD_MATCH = YES;
				"CODE_SIGN_IDENTITY[sdk=iphoneos*]" = "iPhone Developer";
				COPY_PHASE_STRIP = NO;
				DEBUG_INFORMATION_FORMAT = dwarf;
				ENABLE_STRICT_OBJC_MSGSEND = YES;
				ENABLE_TESTABILITY = YES;
				GCC_C_LANGUAGE_STANDARD = gnu99;
				GCC_DYNAMIC_NO_PIC = NO;
				GCC_NO_COMMON_BLOCKS = YES;
				GCC_OPTIMIZATION_LEVEL = 0;
				GCC_PREPROCESSOR_DEFINITIONS = (
					"DEBUG=1",
					"$(inherited)",
				);
				GCC_WARN_64_TO_32_BIT_CONVERSION = YES;
				GCC_WARN_ABOUT_RETURN_TYPE = YES_ERROR;
				GCC_WARN_UNDECLARED_SELECTOR = YES;
				GCC_WARN_UNINITIALIZED_AUTOS = YES_AGGRESSIVE;
				GCC_WARN_UNUSED_FUNCTION = YES;
				GCC_WARN_UNUSED_VARIABLE = YES;
				IPHONEOS_DEPLOYMENT_TARGET = 9.2;
				MTL_ENABLE_DEBUG_INFO = YES;
				ONLY_ACTIVE_ARCH = YES;
				SDKROOT = iphoneos;
				SWIFT_OPTIMIZATION_LEVEL = "-Onone";
			};
			name = Debug;
		};
		F741ED8C1C9A76F8000A808B /* Release */ = {
			isa = XCBuildConfiguration;
			buildSettings = {
				ALWAYS_SEARCH_USER_PATHS = NO;
				CLANG_CXX_LANGUAGE_STANDARD = "gnu++0x";
				CLANG_CXX_LIBRARY = "libc++";
				CLANG_ENABLE_MODULES = YES;
				CLANG_ENABLE_OBJC_ARC = YES;
				CLANG_WARN_BOOL_CONVERSION = YES;
				CLANG_WARN_CONSTANT_CONVERSION = YES;
				CLANG_WARN_DIRECT_OBJC_ISA_USAGE = YES_ERROR;
				CLANG_WARN_EMPTY_BODY = YES;
				CLANG_WARN_ENUM_CONVERSION = YES;
				CLANG_WARN_INT_CONVERSION = YES;
				CLANG_WARN_OBJC_ROOT_CLASS = YES_ERROR;
				CLANG_WARN_UNREACHABLE_CODE = YES;
				CLANG_WARN__DUPLICATE_METHOD_MATCH = YES;
				"CODE_SIGN_IDENTITY[sdk=iphoneos*]" = "iPhone Developer";
				COPY_PHASE_STRIP = NO;
				DEBUG_INFORMATION_FORMAT = "dwarf-with-dsym";
				ENABLE_NS_ASSERTIONS = NO;
				ENABLE_STRICT_OBJC_MSGSEND = YES;
				GCC_C_LANGUAGE_STANDARD = gnu99;
				GCC_NO_COMMON_BLOCKS = YES;
				GCC_WARN_64_TO_32_BIT_CONVERSION = YES;
				GCC_WARN_ABOUT_RETURN_TYPE = YES_ERROR;
				GCC_WARN_UNDECLARED_SELECTOR = YES;
				GCC_WARN_UNINITIALIZED_AUTOS = YES_AGGRESSIVE;
				GCC_WARN_UNUSED_FUNCTION = YES;
				GCC_WARN_UNUSED_VARIABLE = YES;
				IPHONEOS_DEPLOYMENT_TARGET = 9.2;
				MTL_ENABLE_DEBUG_INFO = NO;
				SDKROOT = iphoneos;
				VALIDATE_PRODUCT = YES;
			};
			name = Release;
		};
		F741ED8E1C9A76F8000A808B /* Debug */ = {
			isa = XCBuildConfiguration;
			baseConfigurationReference = A5BDB739B92701C94D062075 /* Pods-GeekPark.debug.xcconfig */;
			buildSettings = {
				ASSETCATALOG_COMPILER_APPICON_NAME = AppIcon;
				CODE_SIGN_IDENTITY = "iPhone Developer: 坤 朱 (M36U6XM64T)";
				"CODE_SIGN_IDENTITY[sdk=iphoneos*]" = "iPhone Developer: 坤 朱 (M36U6XM64T)";
				INFOPLIST_FILE = GeekPark/Info.plist;
				LD_RUNPATH_SEARCH_PATHS = "$(inherited) @executable_path/Frameworks";
				PRODUCT_BUNDLE_IDENTIFIER = net.geekpark.GeekPark;
				PRODUCT_NAME = "$(TARGET_NAME)";
				PROVISIONING_PROFILE = "";
			};
			name = Debug;
		};
		F741ED8F1C9A76F8000A808B /* Release */ = {
			isa = XCBuildConfiguration;
			baseConfigurationReference = B83C40D5FD667074BE4408D4 /* Pods-GeekPark.release.xcconfig */;
			buildSettings = {
				ASSETCATALOG_COMPILER_APPICON_NAME = AppIcon;
				CODE_SIGN_IDENTITY = "iPhone Distribution: GEEKPARK Co., Ltd. (KBEAWBS8N5)";
				"CODE_SIGN_IDENTITY[sdk=iphoneos*]" = "iPhone Distribution: GEEKPARK Co., Ltd. (KBEAWBS8N5)";
				INFOPLIST_FILE = GeekPark/Info.plist;
				LD_RUNPATH_SEARCH_PATHS = "$(inherited) @executable_path/Frameworks";
				PRODUCT_BUNDLE_IDENTIFIER = net.geekpark.GeekPark;
				PRODUCT_NAME = "$(TARGET_NAME)";
				PROVISIONING_PROFILE = "";
			};
			name = Release;
		};
/* End XCBuildConfiguration section */

/* Begin XCConfigurationList section */
		F741ED761C9A76F8000A808B /* Build configuration list for PBXProject "GeekPark" */ = {
			isa = XCConfigurationList;
			buildConfigurations = (
				F741ED8B1C9A76F8000A808B /* Debug */,
				F741ED8C1C9A76F8000A808B /* Release */,
			);
			defaultConfigurationIsVisible = 0;
			defaultConfigurationName = Release;
		};
		F741ED8D1C9A76F8000A808B /* Build configuration list for PBXNativeTarget "GeekPark" */ = {
			isa = XCConfigurationList;
			buildConfigurations = (
				F741ED8E1C9A76F8000A808B /* Debug */,
				F741ED8F1C9A76F8000A808B /* Release */,
			);
			defaultConfigurationIsVisible = 0;
			defaultConfigurationName = Release;
		};
/* End XCConfigurationList section */
	};
	rootObject = F741ED731C9A76F8000A808B /* Project object */;
}
